PODS:
  - AssetsPickerViewController (2.7.5):
    - Device
    - SnapKit
  - Device (3.1.2)
  - SnapKit (5.0.0)

DEPENDENCIES:
  - AssetsPickerViewController (from `../`)

SPEC REPOS:
  https://github.com/CocoaPods/Specs.git:
    - Device
    - SnapKit

EXTERNAL SOURCES:
  AssetsPickerViewController:
    :path: "../"

SPEC CHECKSUMS:
  AssetsPickerViewController: 6954aff04b95d26be0d65a58557a9dfbef7811c3
  Device: 62242076214c30fb5760174b3601cefafa70a481
  SnapKit: fd22d10eb9aff484d79a8724eab922c1ddf89bcf

PODFILE CHECKSUM: ed535a80c7e9986ea173935163bbd69a1c717311

COCOAPODS: 1.9.1
